
Microsoft Visual Studio Solution File, Format Version 12.00
# Visual Studio Version 17
VisualStudioVersion = 17.7.34018.315
MinimumVisualStudioVersion = 10.0.40219.1
Project("{FAE04EC0-301F-11D3-BF4B-00C04F79EFBC}") = "BaseFunction", "BaseFunction.csproj", "{619A4D7A-725D-4CEE-B2CC-0D1B8DDC5CFF}"
EndProject
Global
	GlobalSection(SolutionConfigurationPlatforms) = preSolution
		Debug|Any CPU = Debug|Any CPU
		Release|Any CPU = Release|Any CPU
	EndGlobalSection
	GlobalSection(ProjectConfigurationPlatforms) = postSolution
		{619A4D7A-725D-4CEE-B2CC-0D1B8DDC5CFF}.Debug|Any CPU.ActiveCfg = Debug|Any CPU
		{619A4D7A-725D-4CEE-B2CC-0D1B8DDC5CFF}.Debug|Any CPU.Build.0 = Debug|Any CPU
		{619A4D7A-725D-4CEE-B2CC-0D1B8DDC5CFF}.Release|Any CPU.ActiveCfg = Release|Any CPU
		{619A4D7A-725D-4CEE-B2CC-0D1B8DDC5CFF}.Release|Any CPU.Build.0 = Release|Any CPU
	EndGlobalSection
	GlobalSection(SolutionProperties) = preSolution
		HideSolutionNode = FALSE
	EndGlobalSection
	GlobalSection(ExtensibilityGlobals) = postSolution
		SolutionGuid = {CF35C828-1EF5-4F82-8593-14FB76CAC44E}
	EndGlobalSection
EndGlobal
